
Microsoft Visual Studio Solution File, Format Version 12.00
# Visual Studio Version 16
VisualStudioVersion = 16.0.30907.101
MinimumVisualStudioVersion = 10.0.40219.1
Project("{9A19103F-16F7-4668-BE54-9A1E7A4F7556}") = "Homework", "Homework\Homework.csproj", "{8AC66D76-2A9A-4C05-8201-A28664B84A4E}"
EndProject
Project("{FAE04EC0-301F-11D3-BF4B-00C04F79EFBC}") = "TestSolution", "TestSolution\TestSolution.csproj", "{721C5ECA-FD53-4528-9F1E-E9A655F18D66}"
EndProject
Global
	GlobalSection(SolutionConfigurationPlatforms) = preSolution
		Debug|Any CPU = Debug|Any CPU
		Release|Any CPU = Release|Any CPU
	EndGlobalSection
	GlobalSection(ProjectConfigurationPlatforms) = postSolution
		{8AC66D76-2A9A-4C05-8201-A28664B84A4E}.Debug|Any CPU.ActiveCfg = Debug|Any CPU
		{8AC66D76-2A9A-4C05-8201-A28664B84A4E}.Debug|Any CPU.Build.0 = Debug|Any CPU
		{8AC66D76-2A9A-4C05-8201-A28664B84A4E}.Release|Any CPU.ActiveCfg = Release|Any CPU
		{8AC66D76-2A9A-4C05-8201-A28664B84A4E}.Release|Any CPU.Build.0 = Release|Any CPU
		{721C5ECA-FD53-4528-9F1E-E9A655F18D66}.Debug|Any CPU.ActiveCfg = Debug|Any CPU
		{721C5ECA-FD53-4528-9F1E-E9A655F18D66}.Debug|Any CPU.Build.0 = Debug|Any CPU
		{721C5ECA-FD53-4528-9F1E-E9A655F18D66}.Release|Any CPU.ActiveCfg = Release|Any CPU
		{721C5ECA-FD53-4528-9F1E-E9A655F18D66}.Release|Any CPU.Build.0 = Release|Any CPU
	EndGlobalSection
	GlobalSection(SolutionProperties) = preSolution
		HideSolutionNode = FALSE
	EndGlobalSection
	GlobalSection(ExtensibilityGlobals) = postSolution
		SolutionGuid = {8829C4E8-CAEE-4EEE-9C54-8864C5FC8B71}
	EndGlobalSection
EndGlobal
